
Microsoft Visual Studio Solution File, Format Version 12.00
# Visual Studio Version 16
VisualStudioVersion = 16.0.30413.136
MinimumVisualStudioVersion = 10.0.40219.1
Project("{FAE04EC0-301F-11D3-BF4B-00C04F79EFBC}") = "Login200", "Login200\Login200.csproj", "{BAFEA3B6-39E3-471C-BB85-8E7427003DC2}"
EndProject
Global
	GlobalSection(SolutionConfigurationPlatforms) = preSolution
		Debug|Any CPU = Debug|Any CPU
		Release|Any CPU = Release|Any CPU
	EndGlobalSection
	GlobalSection(ProjectConfigurationPlatforms) = postSolution
		{BAFEA3B6-39E3-471C-BB85-8E7427003DC2}.Debug|Any CPU.ActiveCfg = Debug|Any CPU
		{BAFEA3B6-39E3-471C-BB85-8E7427003DC2}.Debug|Any CPU.Build.0 = Debug|Any CPU
		{BAFEA3B6-39E3-471C-BB85-8E7427003DC2}.Release|Any CPU.ActiveCfg = Release|Any CPU
		{BAFEA3B6-39E3-471C-BB85-8E7427003DC2}.Release|Any CPU.Build.0 = Release|Any CPU
	EndGlobalSection
	GlobalSection(SolutionProperties) = preSolution
		HideSolutionNode = FALSE
	EndGlobalSection
	GlobalSection(ExtensibilityGlobals) = postSolution
		SolutionGuid = {CD1FF747-20D3-411B-845D-8545A3ADCB37}
	EndGlobalSection
EndGlobal
